
Microsoft Visual Studio Solution File, Format Version 12.00
# Visual Studio 15
VisualStudioVersion = 15.0.28307.489
MinimumVisualStudioVersion = 10.0.40219.1
Project("{FAE04EC0-301F-11D3-BF4B-00C04F79EFBC}") = "ConsoleApp1", "ConsoleApp1\ConsoleApp1.csproj", "{E99744F2-B0F3-42D2-8B4A-20A18A4901B7}"
EndProject
Project("{FAE04EC0-301F-11D3-BF4B-00C04F79EFBC}") = "Utility", "Utility\Utility.csproj", "{75DBC279-6C58-4815-B1D1-C126953BCD37}"
EndProject
Project("{FAE04EC0-301F-11D3-BF4B-00C04F79EFBC}") = "UnitTestProject", "UnitTestProject\UnitTestProject.csproj", "{764AF6F4-035E-4378-B94B-FA264F417E31}"
EndProject
Global
	GlobalSection(SolutionConfigurationPlatforms) = preSolution
		Debug|Any CPU = Debug|Any CPU
		Release|Any CPU = Release|Any CPU
	EndGlobalSection
	GlobalSection(ProjectConfigurationPlatforms) = postSolution
		{E99744F2-B0F3-42D2-8B4A-20A18A4901B7}.Debug|Any CPU.ActiveCfg = Debug|Any CPU
		{E99744F2-B0F3-42D2-8B4A-20A18A4901B7}.Debug|Any CPU.Build.0 = Debug|Any CPU
		{E99744F2-B0F3-42D2-8B4A-20A18A4901B7}.Release|Any CPU.ActiveCfg = Release|Any CPU
		{E99744F2-B0F3-42D2-8B4A-20A18A4901B7}.Release|Any CPU.Build.0 = Release|Any CPU
		{75DBC279-6C58-4815-B1D1-C126953BCD37}.Debug|Any CPU.ActiveCfg = Debug|Any CPU
		{75DBC279-6C58-4815-B1D1-C126953BCD37}.Debug|Any CPU.Build.0 = Debug|Any CPU
		{75DBC279-6C58-4815-B1D1-C126953BCD37}.Release|Any CPU.ActiveCfg = Release|Any CPU
		{75DBC279-6C58-4815-B1D1-C126953BCD37}.Release|Any CPU.Build.0 = Release|Any CPU
		{764AF6F4-035E-4378-B94B-FA264F417E31}.Debug|Any CPU.ActiveCfg = Debug|Any CPU
		{764AF6F4-035E-4378-B94B-FA264F417E31}.Debug|Any CPU.Build.0 = Debug|Any CPU
		{764AF6F4-035E-4378-B94B-FA264F417E31}.Release|Any CPU.ActiveCfg = Release|Any CPU
		{764AF6F4-035E-4378-B94B-FA264F417E31}.Release|Any CPU.Build.0 = Release|Any CPU
	EndGlobalSection
	GlobalSection(SolutionProperties) = preSolution
		HideSolutionNode = FALSE
	EndGlobalSection
	GlobalSection(ExtensibilityGlobals) = postSolution
		SolutionGuid = {CA9D634D-4EC6-42C5-8B06-526E5FDAD3D3}
	EndGlobalSection
	GlobalSection(Performance) = preSolution
		HasPerformanceSessions = true
	EndGlobalSection
EndGlobal
